// !$*UTF8*$!
{
	archiveVersion = 1;
	classes = {
	};
	objectVersion = 50;
	objects = {

/* Begin PBXBuildFile section */
		2A6094592422C08800B398A0 /* ItemView.swift in Sources */ = {isa = PBXBuildFile; fileRef = 2A6094582422C08800B398A0 /* ItemView.swift */; };
		2A75289724230EE700608487 /* ImageTemplate.swift in Sources */ = {isa = PBXBuildFile; fileRef = 2A75289624230EE700608487 /* ImageTemplate.swift */; };
		2A752899242310A600608487 /* TextTemplate.swift in Sources */ = {isa = PBXBuildFile; fileRef = 2A752898242310A600608487 /* TextTemplate.swift */; };
		2A75289D24231CA600608487 /* Extensions.swift in Sources */ = {isa = PBXBuildFile; fileRef = 2A75289C24231CA600608487 /* Extensions.swift */; };
		2A75289F242329CF00608487 /* Banner.swift in Sources */ = {isa = PBXBuildFile; fileRef = 2A75289E242329CF00608487 /* Banner.swift */; };
		2A7528A12423342C00608487 /* Header.swift in Sources */ = {isa = PBXBuildFile; fileRef = 2A7528A02423342C00608487 /* Header.swift */; };
		2A7528A32423359100608487 /* Carousel.swift in Sources */ = {isa = PBXBuildFile; fileRef = 2A7528A22423359100608487 /* Carousel.swift */; };
		2A7528A52423388F00608487 /* CategoryView.swift in Sources */ = {isa = PBXBuildFile; fileRef = 2A7528A42423388F00608487 /* CategoryView.swift */; };
		2A7528A72427D54300608487 /* DataModel.swift in Sources */ = {isa = PBXBuildFile; fileRef = 2A7528A62427D54300608487 /* DataModel.swift */; };
		2A7528A92427D96800608487 /* Data.swift in Sources */ = {isa = PBXBuildFile; fileRef = 2A7528A82427D96800608487 /* Data.swift */; };
		2A79F6332419D96F00799158 /* AppDelegate.swift in Sources */ = {isa = PBXBuildFile; fileRef = 2A79F6322419D96F00799158 /* AppDelegate.swift */; };
		2A79F6352419D96F00799158 /* SceneDelegate.swift in Sources */ = {isa = PBXBuildFile; fileRef = 2A79F6342419D96F00799158 /* SceneDelegate.swift */; };
		2A79F6372419D96F00799158 /* ContentView.swift in Sources */ = {isa = PBXBuildFile; fileRef = 2A79F6362419D96F00799158 /* ContentView.swift */; };
		2A79F6392419D97100799158 /* Assets.xcassets in Resources */ = {isa = PBXBuildFile; fileRef = 2A79F6382419D97100799158 /* Assets.xcassets */; };
		2A79F63C2419D97100799158 /* Preview Assets.xcassets in Resources */ = {isa = PBXBuildFile; fileRef = 2A79F63B2419D97100799158 /* Preview Assets.xcassets */; };
		2A79F63F2419D97100799158 /* LaunchScreen.storyboard in Resources */ = {isa = PBXBuildFile; fileRef = 2A79F63D2419D97100799158 /* LaunchScreen.storyboard */; };
/* End PBXBuildFile section */

/* Begin PBXFileReference section */
		2A6094582422C08800B398A0 /* ItemView.swift */ = {isa = PBXFileReference; lastKnownFileType = sourcecode.swift; path = ItemView.swift; sourceTree = "<group>"; };
		2A75289624230EE700608487 /* ImageTemplate.swift */ = {isa = PBXFileReference; lastKnownFileType = sourcecode.swift; path = ImageTemplate.swift; sourceTree = "<group>"; };
		2A752898242310A600608487 /* TextTemplate.swift */ = {isa = PBXFileReference; lastKnownFileType = sourcecode.swift; path = TextTemplate.swift; sourceTree = "<group>"; };
		2A75289C24231CA600608487 /* Extensions.swift */ = {isa = PBXFileReference; lastKnownFileType = sourcecode.swift; path = Extensions.swift; sourceTree = "<group>"; };
		2A75289E242329CF00608487 /* Banner.swift */ = {isa = PBXFileReference; lastKnownFileType = sourcecode.swift; path = Banner.swift; sourceTree = "<group>"; };
		2A7528A02423342C00608487 /* Header.swift */ = {isa = PBXFileReference; lastKnownFileType = sourcecode.swift; path = Header.swift; sourceTree = "<group>"; };
		2A7528A22423359100608487 /* Carousel.swift */ = {isa = PBXFileReference; lastKnownFileType = sourcecode.swift; path = Carousel.swift; sourceTree = "<group>"; };
		2A7528A42423388F00608487 /* CategoryView.swift */ = {isa = PBXFileReference; lastKnownFileType = sourcecode.swift; path = CategoryView.swift; sourceTree = "<group>"; };
		2A7528A62427D54300608487 /* DataModel.swift */ = {isa = PBXFileReference; lastKnownFileType = sourcecode.swift; path = DataModel.swift; sourceTree = "<group>"; };
		2A7528A82427D96800608487 /* Data.swift */ = {isa = PBXFileReference; lastKnownFileType = sourcecode.swift; path = Data.swift; sourceTree = "<group>"; };
		2A79F62F2419D96F00799158 /* ShoppingApp.app */ = {isa = PBXFileReference; explicitFileType = wrapper.application; includeInIndex = 0; path = ShoppingApp.app; sourceTree = BUILT_PRODUCTS_DIR; };
		2A79F6322419D96F00799158 /* AppDelegate.swift */ = {isa = PBXFileReference; lastKnownFileType = sourcecode.swift; path = AppDelegate.swift; sourceTree = "<group>"; };
		2A79F6342419D96F00799158 /* SceneDelegate.swift */ = {isa = PBXFileReference; lastKnownFileType = sourcecode.swift; path = SceneDelegate.swift; sourceTree = "<group>"; };
		2A79F6362419D96F00799158 /* ContentView.swift */ = {isa = PBXFileReference; lastKnownFileType = sourcecode.swift; path = ContentView.swift; sourceTree = "<group>"; };
		2A79F6382419D97100799158 /* Assets.xcassets */ = {isa = PBXFileReference; lastKnownFileType = folder.assetcatalog; path = Assets.xcassets; sourceTree = "<group>"; };
		2A79F63B2419D97100799158 /* Preview Assets.xcassets */ = {isa = PBXFileReference; lastKnownFileType = folder.assetcatalog; path = "Preview Assets.xcassets"; sourceTree = "<group>"; };
		2A79F63E2419D97100799158 /* Base */ = {isa = PBXFileReference; lastKnownFileType = file.storyboard; name = Base; path = Base.lproj/LaunchScreen.storyboard; sourceTree = "<group>"; };
		2A79F6402419D97100799158 /* Info.plist */ = {isa = PBXFileReference; lastKnownFileType = text.plist.xml; path = Info.plist; sourceTree = "<group>"; };
/* End PBXFileReference section */

/* Begin PBXFrameworksBuildPhase section */
		2A79F62C2419D96F00799158 /* Frameworks */ = {
			isa = PBXFrameworksBuildPhase;
			buildActionMask = 2147483647;
			files = (
			);
			runOnlyForDeploymentPostprocessing = 0;
		};
/* End PBXFrameworksBuildPhase section */

/* Begin PBXGroup section */
		2A79F6262419D96F00799158 = {
			isa = PBXGroup;
			children = (
				2A79F6312419D96F00799158 /* ShoppingApp */,
				2A79F6302419D96F00799158 /* Products */,
			);
			sourceTree = "<group>";
		};
		2A79F6302419D96F00799158 /* Products */ = {
			isa = PBXGroup;
			children = (
				2A79F62F2419D96F00799158 /* ShoppingApp.app */,
			);
			name = Products;
			sourceTree = "<group>";
		};
		2A79F6312419D96F00799158 /* ShoppingApp */ = {
			isa = PBXGroup;
			children = (
				2A79F6322419D96F00799158 /* AppDelegate.swift */,
				2A79F6342419D96F00799158 /* SceneDelegate.swift */,
				2A7528A82427D96800608487 /* Data.swift */,
				2A7528A62427D54300608487 /* DataModel.swift */,
				2A79F6362419D96F00799158 /* ContentView.swift */,
				2A7528A42423388F00608487 /* CategoryView.swift */,
				2A6094582422C08800B398A0 /* ItemView.swift */,
				2A7528A02423342C00608487 /* Header.swift */,
				2A75289E242329CF00608487 /* Banner.swift */,
				2A7528A22423359100608487 /* Carousel.swift */,
				2A75289624230EE700608487 /* ImageTemplate.swift */,
				2A752898242310A600608487 /* TextTemplate.swift */,
				2A75289C24231CA600608487 /* Extensions.swift */,
				2A79F6382419D97100799158 /* Assets.xcassets */,
				2A79F63D2419D97100799158 /* LaunchScreen.storyboard */,
				2A79F6402419D97100799158 /* Info.plist */,
				2A79F63A2419D97100799158 /* Preview Content */,
			);
			path = ShoppingApp;
			sourceTree = "<group>";
		};
		2A79F63A2419D97100799158 /* Preview Content */ = {
			isa = PBXGroup;
			children = (
				2A79F63B2419D97100799158 /* Preview Assets.xcassets */,
			);
			path = "Preview Content";
			sourceTree = "<group>";
		};
/* End PBXGroup section */

/* Begin PBXNativeTarget section */
		2A79F62E2419D96F00799158 /* ShoppingApp */ = {
			isa = PBXNativeTarget;
			buildConfigurationList = 2A79F6432419D97100799158 /* Build configuration list for PBXNativeTarget "ShoppingApp" */;
			buildPhases = (
				2A79F62B2419D96F00799158 /* Sources */,
				2A79F62C2419D96F00799158 /* Frameworks */,
				2A79F62D2419D96F00799158 /* Resources */,
			);
			buildRules = (
			);
			dependencies = (
			);
			name = ShoppingApp;
			productName = ShoppingApp;
			productReference = 2A79F62F2419D96F00799158 /* ShoppingApp.app */;
			productType = "com.apple.product-type.application";
		};
/* End PBXNativeTarget section */

/* Begin PBXProject section */
		2A79F6272419D96F00799158 /* Project object */ = {
			isa = PBXProject;
			attributes = {
				LastSwiftUpdateCheck = 1130;
				LastUpgradeCheck = 1130;
				ORGANIZATIONNAME = "Cameron Partee";
				TargetAttributes = {
					2A79F62E2419D96F00799158 = {
						CreatedOnToolsVersion = 11.3.1;
					};
				};
			};
			buildConfigurationList = 2A79F62A2419D96F00799158 /* Build configuration list for PBXProject "ShoppingApp" */;
			compatibilityVersion = "Xcode 9.3";
			developmentRegion = en;
			hasScannedForEncodings = 0;
			knownRegions = (
				en,
				Base,
			);
			mainGroup = 2A79F6262419D96F00799158;
			productRefGroup = 2A79F6302419D96F00799158 /* Products */;
			projectDirPath = "";
			projectRoot = "";
			targets = (
				2A79F62E2419D96F00799158 /* ShoppingApp */,
			);
		};
/* End PBXProject section */

/* Begin PBXResourcesBuildPhase section */
		2A79F62D2419D96F00799158 /* Resources */ = {
			isa = PBXResourcesBuildPhase;
			buildActionMask = 2147483647;
			files = (
				2A79F63F2419D97100799158 /* LaunchScreen.storyboard in Resources */,
				2A79F63C2419D97100799158 /* Preview Assets.xcassets in Resources */,
				2A79F6392419D97100799158 /* Assets.xcassets in Resources */,
			);
			runOnlyForDeploymentPostprocessing = 0;
		};
/* End PBXResourcesBuildPhase section */

/* Begin PBXSourcesBuildPhase section */
		2A79F62B2419D96F00799158 /* Sources */ = {
			isa = PBXSourcesBuildPhase;
			buildActionMask = 2147483647;
			files = (
				2A752899242310A600608487 /* TextTemplate.swift in Sources */,
				2A79F6332419D96F00799158 /* AppDelegate.swift in Sources */,
				2A7528A32423359100608487 /* Carousel.swift in Sources */,
				2A6094592422C08800B398A0 /* ItemView.swift in Sources */,
				2A7528A52423388F00608487 /* CategoryView.swift in Sources */,
				2A7528A72427D54300608487 /* DataModel.swift in Sources */,
				2A79F6352419D96F00799158 /* SceneDelegate.swift in Sources */,
				2A7528A12423342C00608487 /* Header.swift in Sources */,
				2A7528A92427D96800608487 /* Data.swift in Sources */,
				2A75289724230EE700608487 /* ImageTemplate.swift in Sources */,
				2A75289D24231CA600608487 /* Extensions.swift in Sources */,
				2A75289F242329CF00608487 /* Banner.swift in Sources */,
				2A79F6372419D96F00799158 /* ContentView.swift in Sources */,
			);
			runOnlyForDeploymentPostprocessing = 0;
		};
/* End PBXSourcesBuildPhase section */

/* Begin PBXVariantGroup section */
		2A79F63D2419D97100799158 /* LaunchScreen.storyboard */ = {
			isa = PBXVariantGroup;
			children = (
				2A79F63E2419D97100799158 /* Base */,
			);
			name = LaunchScreen.storyboard;
			sourceTree = "<group>";
		};
/* End PBXVariantGroup section */

/* Begin XCBuildConfiguration section */
		2A79F6412419D97100799158 /* Debug */ = {
			isa = XCBuildConfiguration;
			buildSettings = {
				ALWAYS_SEARCH_USER_PATHS = NO;
				CLANG_ANALYZER_NONNULL = YES;
				CLANG_ANALYZER_NUMBER_OBJECT_CONVERSION = YES_AGGRESSIVE;
				CLANG_CXX_LANGUAGE_STANDARD = "gnu++14";
				CLANG_CXX_LIBRARY = "libc++";
				CLANG_ENABLE_MODULES = YES;
				CLANG_ENABLE_OBJC_ARC = YES;
				CLANG_ENABLE_OBJC_WEAK = YES;
				CLANG_WARN_BLOCK_CAPTURE_AUTORELEASING = YES;
				CLANG_WARN_BOOL_CONVERSION = YES;
				CLANG_WARN_COMMA = YES;
				CLANG_WARN_CONSTANT_CONVERSION = YES;
				CLANG_WARN_DEPRECATED_OBJC_IMPLEMENTATIONS = YES;
				CLANG_WARN_DIRECT_OBJC_ISA_USAGE = YES_ERROR;
				CLANG_WARN_DOCUMENTATION_COMMENTS = YES;
				CLANG_WARN_EMPTY_BODY = YES;
				CLANG_WARN_ENUM_CONVERSION = YES;
				CLANG_WARN_INFINITE_RECURSION = YES;
				CLANG_WARN_INT_CONVERSION = YES;
				CLANG_WARN_NON_LITERAL_NULL_CONVERSION = YES;
				CLANG_WARN_OBJC_IMPLICIT_RETAIN_SELF = YES;
				CLANG_WARN_OBJC_LITERAL_CONVERSION = YES;
				CLANG_WARN_OBJC_ROOT_CLASS = YES_ERROR;
				CLANG_WARN_RANGE_LOOP_ANALYSIS = YES;
				CLANG_WARN_STRICT_PROTOTYPES = YES;
				CLANG_WARN_SUSPICIOUS_MOVE = YES;
				CLANG_WARN_UNGUARDED_AVAILABILITY = YES_AGGRESSIVE;
				CLANG_WARN_UNREACHABLE_CODE = YES;
				CLANG_WARN__DUPLICATE_METHOD_MATCH = YES;
				COPY_PHASE_STRIP = NO;
				DEBUG_INFORMATION_FORMAT = dwarf;
				ENABLE_STRICT_OBJC_MSGSEND = YES;
				ENABLE_TESTABILITY = YES;
				GCC_C_LANGUAGE_STANDARD = gnu11;
				GCC_DYNAMIC_NO_PIC = NO;
				GCC_NO_COMMON_BLOCKS = YES;
				GCC_OPTIMIZATION_LEVEL = 0;
				GCC_PREPROCESSOR_DEFINITIONS = (
					"DEBUG=1",
					"$(inherited)",
				);
				GCC_WARN_64_TO_32_BIT_CONVERSION = YES;
				GCC_WARN_ABOUT_RETURN_TYPE = YES_ERROR;
				GCC_WARN_UNDECLARED_SELECTOR = YES;
				GCC_WARN_UNINITIALIZED_AUTOS = YES_AGGRESSIVE;
				GCC_WARN_UNUSED_FUNCTION = YES;
				GCC_WARN_UNUSED_VARIABLE = YES;
				IPHONEOS_DEPLOYMENT_TARGET = 13.2;
				MTL_ENABLE_DEBUG_INFO = INCLUDE_SOURCE;
				MTL_FAST_MATH = YES;
				ONLY_ACTIVE_ARCH = YES;
				SDKROOT = iphoneos;
				SWIFT_ACTIVE_COMPILATION_CONDITIONS = DEBUG;
				SWIFT_OPTIMIZATION_LEVEL = "-Onone";
			};
			name = Debug;
		};
		2A79F6422419D97100799158 /* Release */ = {
			isa = XCBuildConfiguration;
			buildSettings = {
				ALWAYS_SEARCH_USER_PATHS = NO;
				CLANG_ANALYZER_NONNULL = YES;
				CLANG_ANALYZER_NUMBER_OBJECT_CONVERSION = YES_AGGRESSIVE;
				CLANG_CXX_LANGUAGE_STANDARD = "gnu++14";
				CLANG_CXX_LIBRARY = "libc++";
				CLANG_ENABLE_MODULES = YES;
				CLANG_ENABLE_OBJC_ARC = YES;
				CLANG_ENABLE_OBJC_WEAK = YES;
				CLANG_WARN_BLOCK_CAPTURE_AUTORELEASING = YES;
				CLANG_WARN_BOOL_CONVERSION = YES;
				CLANG_WARN_COMMA = YES;
				CLANG_WARN_CONSTANT_CONVERSION = YES;
				CLANG_WARN_DEPRECATED_OBJC_IMPLEMENTATIONS = YES;
				CLANG_WARN_DIRECT_OBJC_ISA_USAGE = YES_ERROR;
				CLANG_WARN_DOCUMENTATION_COMMENTS = YES;
				CLANG_WARN_EMPTY_BODY = YES;
				CLANG_WARN_ENUM_CONVERSION = YES;
				CLANG_WARN_INFINITE_RECURSION = YES;
				CLANG_WARN_INT_CONVERSION = YES;
				CLANG_WARN_NON_LITERAL_NULL_CONVERSION = YES;
				CLANG_WARN_OBJC_IMPLICIT_RETAIN_SELF = YES;
				CLANG_WARN_OBJC_LITERAL_CONVERSION = YES;
				CLANG_WARN_OBJC_ROOT_CLASS = YES_ERROR;
				CLANG_WARN_RANGE_LOOP_ANALYSIS = YES;
				CLANG_WARN_STRICT_PROTOTYPES = YES;
				CLANG_WARN_SUSPICIOUS_MOVE = YES;
				CLANG_WARN_UNGUARDED_AVAILABILITY = YES_AGGRESSIVE;
				CLANG_WARN_UNREACHABLE_CODE = YES;
				CLANG_WARN__DUPLICATE_METHOD_MATCH = YES;
				COPY_PHASE_STRIP = NO;
				DEBUG_INFORMATION_FORMAT = "dwarf-with-dsym";
				ENABLE_NS_ASSERTIONS = NO;
				ENABLE_STRICT_OBJC_MSGSEND = YES;
				GCC_C_LANGUAGE_STANDARD = gnu11;
				GCC_NO_COMMON_BLOCKS = YES;
				GCC_WARN_64_TO_32_BIT_CONVERSION = YES;
				GCC_WARN_ABOUT_RETURN_TYPE = YES_ERROR;
				GCC_WARN_UNDECLARED_SELECTOR = YES;
				GCC_WARN_UNINITIALIZED_AUTOS = YES_AGGRESSIVE;
				GCC_WARN_UNUSED_FUNCTION = YES;
				GCC_WARN_UNUSED_VARIABLE = YES;
				IPHONEOS_DEPLOYMENT_TARGET = 13.2;
				MTL_ENABLE_DEBUG_INFO = NO;
				MTL_FAST_MATH = YES;
				SDKROOT = iphoneos;
				SWIFT_COMPILATION_MODE = wholemodule;
				SWIFT_OPTIMIZATION_LEVEL = "-O";
				VALIDATE_PRODUCT = YES;
			};
			name = Release;
		};
		2A79F6442419D97100799158 /* Debug */ = {
			isa = XCBuildConfiguration;
			buildSettings = {
				ASSETCATALOG_COMPILER_APPICON_NAME = AppIcon;
				CODE_SIGN_STYLE = Automatic;
				DEVELOPMENT_ASSET_PATHS = "\"ShoppingApp/Preview Content\"";
				DEVELOPMENT_TEAM = PUD2RU7K8T;
				ENABLE_PREVIEWS = YES;
				INFOPLIST_FILE = ShoppingApp/Info.plist;
				LD_RUNPATH_SEARCH_PATHS = (
					"$(inherited)",
					"@executable_path/Frameworks",
				);
				PRODUCT_BUNDLE_IDENTIFIER = com.cameronpartee.ShoppingApp;
				PRODUCT_NAME = "$(TARGET_NAME)";
				SWIFT_VERSION = 5.0;
				TARGETED_DEVICE_FAMILY = "1,2";
			};
			name = Debug;
		};
		2A79F6452419D97100799158 /* Release */ = {
			isa = XCBuildConfiguration;
			buildSettings = {
				ASSETCATALOG_COMPILER_APPICON_NAME = AppIcon;
				CODE_SIGN_STYLE = Automatic;
				DEVELOPMENT_ASSET_PATHS = "\"ShoppingApp/Preview Content\"";
				DEVELOPMENT_TEAM = PUD2RU7K8T;
				ENABLE_PREVIEWS = YES;
				INFOPLIST_FILE = ShoppingApp/Info.plist;
				LD_RUNPATH_SEARCH_PATHS = (
					"$(inherited)",
					"@executable_path/Frameworks",
				);
				PRODUCT_BUNDLE_IDENTIFIER = com.cameronpartee.ShoppingApp;
				PRODUCT_NAME = "$(TARGET_NAME)";
				SWIFT_VERSION = 5.0;
				TARGETED_DEVICE_FAMILY = "1,2";
			};
			name = Release;
		};
/* End XCBuildConfiguration section */

/* Begin XCConfigurationList section */
		2A79F62A2419D96F00799158 /* Build configuration list for PBXProject "ShoppingApp" */ = {
			isa = XCConfigurationList;
			buildConfigurations = (
				2A79F6412419D97100799158 /* Debug */,
				2A79F6422419D97100799158 /* Release */,
			);
			defaultConfigurationIsVisible = 0;
			defaultConfigurationName = Release;
		};
		2A79F6432419D97100799158 /* Build configuration list for PBXNativeTarget "ShoppingApp" */ = {
			isa = XCConfigurationList;
			buildConfigurations = (
				2A79F6442419D97100799158 /* Debug */,
				2A79F6452419D97100799158 /* Release */,
			);
			defaultConfigurationIsVisible = 0;
			defaultConfigurationName = Release;
		};
/* End XCConfigurationList section */
	};
	rootObject = 2A79F6272419D96F00799158 /* Project object */;
}
